
Microsoft Visual Studio Solution File, Format Version 12.00
Project("{2150E333-8FDC-42A3-9474-1A3956D46DE8}") = "src", "src", "{3A8B6812-B42A-4F1B-962F-E4C2696A6F46}"
EndProject
Project("{2150E333-8FDC-42A3-9474-1A3956D46DE8}") = "tests", "tests", "{ABD7D257-AE9C-4DCB-9224-80938748474C}"
EndProject
Project("{FAE04EC0-301F-11D3-BF4B-00C04F79EFBC}") = "Lab1", "src\Lab1\Lab1.csproj", "{25EFCB64-8B06-4F6A-BBFD-9F713438637F}"
EndProject
Project("{FAE04EC0-301F-11D3-BF4B-00C04F79EFBC}") = "Lab2", "src\Lab2\Lab2.csproj", "{7392F3A8-8E4F-4353-9023-51F0DCF56416}"
EndProject
Project("{FAE04EC0-301F-11D3-BF4B-00C04F79EFBC}") = "Lab3", "src\Lab3\Lab3.csproj", "{9CC87A20-A988-4109-B1B4-AF1E8C634110}"
EndProject
Project("{FAE04EC0-301F-11D3-BF4B-00C04F79EFBC}") = "Lab4", "src\Lab4\Lab4.csproj", "{00526AC5-5908-441E-ADA5-2E8BBC91919F}"
EndProject
Project("{FAE04EC0-301F-11D3-BF4B-00C04F79EFBC}") = "Lab1.Tests", "tests\Lab1.Tests\Lab1.Tests.csproj", "{FAE8F20B-EB2D-4E9F-A9C9-69761E5B4604}"
EndProject
Project("{FAE04EC0-301F-11D3-BF4B-00C04F79EFBC}") = "Lab2.Tests", "tests\Lab2.Tests\Lab2.Tests.csproj", "{7D2B8E68-304A-4946-987E-4F29F0FCC3A4}"
EndProject
Project("{FAE04EC0-301F-11D3-BF4B-00C04F79EFBC}") = "Lab3.Tests", "tests\Lab3.Tests\Lab3.Tests.csproj", "{3A3ABC1F-44EE-41D7-B0F1-F0D962E5746B}"
EndProject
Project("{FAE04EC0-301F-11D3-BF4B-00C04F79EFBC}") = "Lab4.Tests", "tests\Lab4.Tests\Lab4.Tests.csproj", "{2BC795FD-9FAC-419E-A8A5-4C432451CBD1}"
EndProject
Project("{FAE04EC0-301F-11D3-BF4B-00C04F79EFBC}") = "Lab5.Tests", "tests\Lab5.Tests\Lab5.Tests.csproj", "{6B113055-EABD-4475-9A6B-C54320ED1F26}"
EndProject
Project("{2150E333-8FDC-42A3-9474-1A3956D46DE8}") = "common", "common", "{3DB12F6C-143E-4086-BCB2-2EC3461BC353}"
	ProjectSection(SolutionItems) = preProject
		Directory.Packages.props = Directory.Packages.props
		Directory.Build.props = Directory.Build.props
		.gitignore = .gitignore
		.editorconfig = .editorconfig
	EndProjectSection
EndProject
Project("{2150E333-8FDC-42A3-9474-1A3956D46DE8}") = "Lab5", "Lab5", "{50BB34E2-7EC2-46A0-A917-19171941E0ED}"
	ProjectSection(SolutionItems) = preProject
		src\Lab5\docker-compose.yml = src\Lab5\docker-compose.yml
	EndProjectSection
EndProject
Project("{FAE04EC0-301F-11D3-BF4B-00C04F79EFBC}") = "Lab5.Application", "src\Lab5\Lab5.Application\Lab5.Application.csproj", "{64EADC1A-83B1-4DF4-AB03-C6C3A54EA5C8}"
EndProject
Project("{FAE04EC0-301F-11D3-BF4B-00C04F79EFBC}") = "Lab5.Infrastructure.DataAccess", "src\Lab5\Lab5.Infrastructure.DataAccess\Lab5.Infrastructure.DataAccess.csproj", "{D46AB9FC-9763-40CC-8A29-DC68016EE1BE}"
EndProject
Project("{FAE04EC0-301F-11D3-BF4B-00C04F79EFBC}") = "Lab5.Presentaion.Console", "src\Lab5\Lab5.Presentaion.Console\Lab5.Presentaion.Console.csproj", "{16B85619-9F4F-4B8A-A2A1-0D385744CE6A}"
EndProject
Project("{FAE04EC0-301F-11D3-BF4B-00C04F79EFBC}") = "Lab5.Application.Abstractions", "src\Lab5\Lab5.Application.Abstractions\Lab5.Application.Abstractions.csproj", "{9C70D670-1083-4233-B878-531AA0E5D429}"
EndProject
Project("{FAE04EC0-301F-11D3-BF4B-00C04F79EFBC}") = "Lab5.Application.Contracts", "src\Lab5\Lab5.Application.Contracts\Lab5.Application.Contracts.csproj", "{4034F2A0-557D-4730-9163-F5940044ED56}"
EndProject
Project("{FAE04EC0-301F-11D3-BF4B-00C04F79EFBC}") = "Lab5.Application.Models", "src\Lab5\Lab5.Application.Models\Lab5.Application.Models.csproj", "{5765AD7C-6FF9-4DB8-9F55-201866D3ABD4}"
EndProject
Project("{FAE04EC0-301F-11D3-BF4B-00C04F79EFBC}") = "EnterPoint", "src\Lab5\EnterPoint\EnterPoint.csproj", "{38D4C721-118A-4E39-9B38-AB82EB6C119E}"
EndProject
Global
	GlobalSection(SolutionConfigurationPlatforms) = preSolution
		Debug|Any CPU = Debug|Any CPU
		Release|Any CPU = Release|Any CPU
	EndGlobalSection
	GlobalSection(NestedProjects) = preSolution
		{25EFCB64-8B06-4F6A-BBFD-9F713438637F} = {3A8B6812-B42A-4F1B-962F-E4C2696A6F46}
		{7392F3A8-8E4F-4353-9023-51F0DCF56416} = {3A8B6812-B42A-4F1B-962F-E4C2696A6F46}
		{9CC87A20-A988-4109-B1B4-AF1E8C634110} = {3A8B6812-B42A-4F1B-962F-E4C2696A6F46}
		{00526AC5-5908-441E-ADA5-2E8BBC91919F} = {3A8B6812-B42A-4F1B-962F-E4C2696A6F46}
		{FAE8F20B-EB2D-4E9F-A9C9-69761E5B4604} = {ABD7D257-AE9C-4DCB-9224-80938748474C}
		{7D2B8E68-304A-4946-987E-4F29F0FCC3A4} = {ABD7D257-AE9C-4DCB-9224-80938748474C}
		{3A3ABC1F-44EE-41D7-B0F1-F0D962E5746B} = {ABD7D257-AE9C-4DCB-9224-80938748474C}
		{2BC795FD-9FAC-419E-A8A5-4C432451CBD1} = {ABD7D257-AE9C-4DCB-9224-80938748474C}
		{6B113055-EABD-4475-9A6B-C54320ED1F26} = {ABD7D257-AE9C-4DCB-9224-80938748474C}
		{50BB34E2-7EC2-46A0-A917-19171941E0ED} = {3A8B6812-B42A-4F1B-962F-E4C2696A6F46}
		{64EADC1A-83B1-4DF4-AB03-C6C3A54EA5C8} = {50BB34E2-7EC2-46A0-A917-19171941E0ED}
		{16B85619-9F4F-4B8A-A2A1-0D385744CE6A} = {50BB34E2-7EC2-46A0-A917-19171941E0ED}
		{D46AB9FC-9763-40CC-8A29-DC68016EE1BE} = {50BB34E2-7EC2-46A0-A917-19171941E0ED}
		{9C70D670-1083-4233-B878-531AA0E5D429} = {50BB34E2-7EC2-46A0-A917-19171941E0ED}
		{4034F2A0-557D-4730-9163-F5940044ED56} = {50BB34E2-7EC2-46A0-A917-19171941E0ED}
		{5765AD7C-6FF9-4DB8-9F55-201866D3ABD4} = {50BB34E2-7EC2-46A0-A917-19171941E0ED}
		{38D4C721-118A-4E39-9B38-AB82EB6C119E} = {50BB34E2-7EC2-46A0-A917-19171941E0ED}
	EndGlobalSection
	GlobalSection(ProjectConfigurationPlatforms) = postSolution
		{25EFCB64-8B06-4F6A-BBFD-9F713438637F}.Debug|Any CPU.ActiveCfg = Debug|Any CPU
		{25EFCB64-8B06-4F6A-BBFD-9F713438637F}.Debug|Any CPU.Build.0 = Debug|Any CPU
		{25EFCB64-8B06-4F6A-BBFD-9F713438637F}.Release|Any CPU.ActiveCfg = Release|Any CPU
		{25EFCB64-8B06-4F6A-BBFD-9F713438637F}.Release|Any CPU.Build.0 = Release|Any CPU
		{7392F3A8-8E4F-4353-9023-51F0DCF56416}.Debug|Any CPU.ActiveCfg = Debug|Any CPU
		{7392F3A8-8E4F-4353-9023-51F0DCF56416}.Debug|Any CPU.Build.0 = Debug|Any CPU
		{7392F3A8-8E4F-4353-9023-51F0DCF56416}.Release|Any CPU.ActiveCfg = Release|Any CPU
		{7392F3A8-8E4F-4353-9023-51F0DCF56416}.Release|Any CPU.Build.0 = Release|Any CPU
		{9CC87A20-A988-4109-B1B4-AF1E8C634110}.Debug|Any CPU.ActiveCfg = Debug|Any CPU
		{9CC87A20-A988-4109-B1B4-AF1E8C634110}.Debug|Any CPU.Build.0 = Debug|Any CPU
		{9CC87A20-A988-4109-B1B4-AF1E8C634110}.Release|Any CPU.ActiveCfg = Release|Any CPU
		{9CC87A20-A988-4109-B1B4-AF1E8C634110}.Release|Any CPU.Build.0 = Release|Any CPU
		{00526AC5-5908-441E-ADA5-2E8BBC91919F}.Debug|Any CPU.ActiveCfg = Debug|Any CPU
		{00526AC5-5908-441E-ADA5-2E8BBC91919F}.Debug|Any CPU.Build.0 = Debug|Any CPU
		{00526AC5-5908-441E-ADA5-2E8BBC91919F}.Release|Any CPU.ActiveCfg = Release|Any CPU
		{00526AC5-5908-441E-ADA5-2E8BBC91919F}.Release|Any CPU.Build.0 = Release|Any CPU
		{FAE8F20B-EB2D-4E9F-A9C9-69761E5B4604}.Debug|Any CPU.ActiveCfg = Debug|Any CPU
		{FAE8F20B-EB2D-4E9F-A9C9-69761E5B4604}.Debug|Any CPU.Build.0 = Debug|Any CPU
		{FAE8F20B-EB2D-4E9F-A9C9-69761E5B4604}.Release|Any CPU.ActiveCfg = Release|Any CPU
		{FAE8F20B-EB2D-4E9F-A9C9-69761E5B4604}.Release|Any CPU.Build.0 = Release|Any CPU
		{7D2B8E68-304A-4946-987E-4F29F0FCC3A4}.Debug|Any CPU.ActiveCfg = Debug|Any CPU
		{7D2B8E68-304A-4946-987E-4F29F0FCC3A4}.Debug|Any CPU.Build.0 = Debug|Any CPU
		{7D2B8E68-304A-4946-987E-4F29F0FCC3A4}.Release|Any CPU.ActiveCfg = Release|Any CPU
		{7D2B8E68-304A-4946-987E-4F29F0FCC3A4}.Release|Any CPU.Build.0 = Release|Any CPU
		{3A3ABC1F-44EE-41D7-B0F1-F0D962E5746B}.Debug|Any CPU.ActiveCfg = Debug|Any CPU
		{3A3ABC1F-44EE-41D7-B0F1-F0D962E5746B}.Debug|Any CPU.Build.0 = Debug|Any CPU
		{3A3ABC1F-44EE-41D7-B0F1-F0D962E5746B}.Release|Any CPU.ActiveCfg = Release|Any CPU
		{3A3ABC1F-44EE-41D7-B0F1-F0D962E5746B}.Release|Any CPU.Build.0 = Release|Any CPU
		{2BC795FD-9FAC-419E-A8A5-4C432451CBD1}.Debug|Any CPU.ActiveCfg = Debug|Any CPU
		{2BC795FD-9FAC-419E-A8A5-4C432451CBD1}.Debug|Any CPU.Build.0 = Debug|Any CPU
		{2BC795FD-9FAC-419E-A8A5-4C432451CBD1}.Release|Any CPU.ActiveCfg = Release|Any CPU
		{2BC795FD-9FAC-419E-A8A5-4C432451CBD1}.Release|Any CPU.Build.0 = Release|Any CPU
		{6B113055-EABD-4475-9A6B-C54320ED1F26}.Debug|Any CPU.ActiveCfg = Debug|Any CPU
		{6B113055-EABD-4475-9A6B-C54320ED1F26}.Debug|Any CPU.Build.0 = Debug|Any CPU
		{6B113055-EABD-4475-9A6B-C54320ED1F26}.Release|Any CPU.ActiveCfg = Release|Any CPU
		{6B113055-EABD-4475-9A6B-C54320ED1F26}.Release|Any CPU.Build.0 = Release|Any CPU
		{64EADC1A-83B1-4DF4-AB03-C6C3A54EA5C8}.Debug|Any CPU.ActiveCfg = Debug|Any CPU
		{64EADC1A-83B1-4DF4-AB03-C6C3A54EA5C8}.Debug|Any CPU.Build.0 = Debug|Any CPU
		{64EADC1A-83B1-4DF4-AB03-C6C3A54EA5C8}.Release|Any CPU.ActiveCfg = Release|Any CPU
		{64EADC1A-83B1-4DF4-AB03-C6C3A54EA5C8}.Release|Any CPU.Build.0 = Release|Any CPU
		{D46AB9FC-9763-40CC-8A29-DC68016EE1BE}.Debug|Any CPU.ActiveCfg = Debug|Any CPU
		{D46AB9FC-9763-40CC-8A29-DC68016EE1BE}.Debug|Any CPU.Build.0 = Debug|Any CPU
		{D46AB9FC-9763-40CC-8A29-DC68016EE1BE}.Release|Any CPU.ActiveCfg = Release|Any CPU
		{D46AB9FC-9763-40CC-8A29-DC68016EE1BE}.Release|Any CPU.Build.0 = Release|Any CPU
		{16B85619-9F4F-4B8A-A2A1-0D385744CE6A}.Debug|Any CPU.ActiveCfg = Debug|Any CPU
		{16B85619-9F4F-4B8A-A2A1-0D385744CE6A}.Debug|Any CPU.Build.0 = Debug|Any CPU
		{16B85619-9F4F-4B8A-A2A1-0D385744CE6A}.Release|Any CPU.ActiveCfg = Release|Any CPU
		{16B85619-9F4F-4B8A-A2A1-0D385744CE6A}.Release|Any CPU.Build.0 = Release|Any CPU
		{9C70D670-1083-4233-B878-531AA0E5D429}.Debug|Any CPU.ActiveCfg = Debug|Any CPU
		{9C70D670-1083-4233-B878-531AA0E5D429}.Debug|Any CPU.Build.0 = Debug|Any CPU
		{9C70D670-1083-4233-B878-531AA0E5D429}.Release|Any CPU.ActiveCfg = Release|Any CPU
		{9C70D670-1083-4233-B878-531AA0E5D429}.Release|Any CPU.Build.0 = Release|Any CPU
		{4034F2A0-557D-4730-9163-F5940044ED56}.Debug|Any CPU.ActiveCfg = Debug|Any CPU
		{4034F2A0-557D-4730-9163-F5940044ED56}.Debug|Any CPU.Build.0 = Debug|Any CPU
		{4034F2A0-557D-4730-9163-F5940044ED56}.Release|Any CPU.ActiveCfg = Release|Any CPU
		{4034F2A0-557D-4730-9163-F5940044ED56}.Release|Any CPU.Build.0 = Release|Any CPU
		{5765AD7C-6FF9-4DB8-9F55-201866D3ABD4}.Debug|Any CPU.ActiveCfg = Debug|Any CPU
		{5765AD7C-6FF9-4DB8-9F55-201866D3ABD4}.Debug|Any CPU.Build.0 = Debug|Any CPU
		{5765AD7C-6FF9-4DB8-9F55-201866D3ABD4}.Release|Any CPU.ActiveCfg = Release|Any CPU
		{5765AD7C-6FF9-4DB8-9F55-201866D3ABD4}.Release|Any CPU.Build.0 = Release|Any CPU
		{38D4C721-118A-4E39-9B38-AB82EB6C119E}.Debug|Any CPU.ActiveCfg = Debug|Any CPU
		{38D4C721-118A-4E39-9B38-AB82EB6C119E}.Debug|Any CPU.Build.0 = Debug|Any CPU
		{38D4C721-118A-4E39-9B38-AB82EB6C119E}.Release|Any CPU.ActiveCfg = Release|Any CPU
		{38D4C721-118A-4E39-9B38-AB82EB6C119E}.Release|Any CPU.Build.0 = Release|Any CPU
	EndGlobalSection
EndGlobal
